// !$*UTF8*$!
{
	archiveVersion = 1;
	classes = {
	};
	objectVersion = 56;
	objects = {

/* Begin PBXBuildFile section */
		1071552D29CF61940052D657 /* Onboarding_ScreenApp.swift in Sources */ = {isa = PBXBuildFile; fileRef = 1071552C29CF61940052D657 /* Onboarding_ScreenApp.swift */; };
		1071552F29CF61940052D657 /* ContentView.swift in Sources */ = {isa = PBXBuildFile; fileRef = 1071552E29CF61940052D657 /* ContentView.swift */; };
		1071553129CF61950052D657 /* Assets.xcassets in Resources */ = {isa = PBXBuildFile; fileRef = 1071553029CF61950052D657 /* Assets.xcassets */; };
		1071553429CF61950052D657 /* Preview Assets.xcassets in Resources */ = {isa = PBXBuildFile; fileRef = 1071553329CF61950052D657 /* Preview Assets.xcassets */; };
		1071553C29CF62AE0052D657 /* chimeup.mp3 in Resources */ = {isa = PBXBuildFile; fileRef = 1071553A29CF62AE0052D657 /* chimeup.mp3 */; };
		1071553D29CF62AE0052D657 /* success.m4a in Resources */ = {isa = PBXBuildFile; fileRef = 1071553B29CF62AE0052D657 /* success.m4a */; };
		1071554529CF6C5A0052D657 /* OnboardingView.swift in Sources */ = {isa = PBXBuildFile; fileRef = 1071554429CF6C5A0052D657 /* OnboardingView.swift */; };
		1071554729CF6C6F0052D657 /* HomeView.swift in Sources */ = {isa = PBXBuildFile; fileRef = 1071554629CF6C6F0052D657 /* HomeView.swift */; };
		1071554A29D085120052D657 /* CircleGroupView.swift in Sources */ = {isa = PBXBuildFile; fileRef = 1071554929D085120052D657 /* CircleGroupView.swift */; };
		10C8039229D885220033B395 /* AudioPlayer.swift in Sources */ = {isa = PBXBuildFile; fileRef = 10C8039129D885220033B395 /* AudioPlayer.swift */; };
/* End PBXBuildFile section */

/* Begin PBXFileReference section */
		1071552929CF61940052D657 /* Onboarding Screen.app */ = {isa = PBXFileReference; explicitFileType = wrapper.application; includeInIndex = 0; path = "Onboarding Screen.app"; sourceTree = BUILT_PRODUCTS_DIR; };
		1071552C29CF61940052D657 /* Onboarding_ScreenApp.swift */ = {isa = PBXFileReference; lastKnownFileType = sourcecode.swift; path = Onboarding_ScreenApp.swift; sourceTree = "<group>"; };
		1071552E29CF61940052D657 /* ContentView.swift */ = {isa = PBXFileReference; lastKnownFileType = sourcecode.swift; path = ContentView.swift; sourceTree = "<group>"; };
		1071553029CF61950052D657 /* Assets.xcassets */ = {isa = PBXFileReference; lastKnownFileType = folder.assetcatalog; path = Assets.xcassets; sourceTree = "<group>"; };
		1071553329CF61950052D657 /* Preview Assets.xcassets */ = {isa = PBXFileReference; lastKnownFileType = folder.assetcatalog; path = "Preview Assets.xcassets"; sourceTree = "<group>"; };
		1071553A29CF62AE0052D657 /* chimeup.mp3 */ = {isa = PBXFileReference; lastKnownFileType = audio.mp3; path = chimeup.mp3; sourceTree = "<group>"; };
		1071553B29CF62AE0052D657 /* success.m4a */ = {isa = PBXFileReference; lastKnownFileType = file; path = success.m4a; sourceTree = "<group>"; };
		1071554229CF6B840052D657 /* Onboarding-Screen-Info.plist */ = {isa = PBXFileReference; lastKnownFileType = text.plist; path = "Onboarding-Screen-Info.plist"; sourceTree = SOURCE_ROOT; };
		1071554429CF6C5A0052D657 /* OnboardingView.swift */ = {isa = PBXFileReference; lastKnownFileType = sourcecode.swift; path = OnboardingView.swift; sourceTree = "<group>"; };
		1071554629CF6C6F0052D657 /* HomeView.swift */ = {isa = PBXFileReference; lastKnownFileType = sourcecode.swift; path = HomeView.swift; sourceTree = "<group>"; };
		1071554929D085120052D657 /* CircleGroupView.swift */ = {isa = PBXFileReference; lastKnownFileType = sourcecode.swift; path = CircleGroupView.swift; sourceTree = "<group>"; };
		10C8039129D885220033B395 /* AudioPlayer.swift */ = {isa = PBXFileReference; lastKnownFileType = sourcecode.swift; path = AudioPlayer.swift; sourceTree = "<group>"; };
/* End PBXFileReference section */

/* Begin PBXFrameworksBuildPhase section */
		1071552629CF61940052D657 /* Frameworks */ = {
			isa = PBXFrameworksBuildPhase;
			buildActionMask = 2147483647;
			files = (
			);
			runOnlyForDeploymentPostprocessing = 0;
		};
/* End PBXFrameworksBuildPhase section */

/* Begin PBXGroup section */
		1071552029CF61940052D657 = {
			isa = PBXGroup;
			children = (
				1071552B29CF61940052D657 /* Onboarding Screen */,
				1071552A29CF61940052D657 /* Products */,
			);
			sourceTree = "<group>";
		};
		1071552A29CF61940052D657 /* Products */ = {
			isa = PBXGroup;
			children = (
				1071552929CF61940052D657 /* Onboarding Screen.app */,
			);
			name = Products;
			sourceTree = "<group>";
		};
		1071552B29CF61940052D657 /* Onboarding Screen */ = {
			isa = PBXGroup;
			children = (
				1071554229CF6B840052D657 /* Onboarding-Screen-Info.plist */,
				1071554129CF651C0052D657 /* Utilities */,
				1071554029CF64FC0052D657 /* Views */,
				1071553F29CF64EF0052D657 /* Screens */,
				1071553E29CF630A0052D657 /* Sounds */,
				1071552C29CF61940052D657 /* Onboarding_ScreenApp.swift */,
				1071553029CF61950052D657 /* Assets.xcassets */,
				1071553229CF61950052D657 /* Preview Content */,
			);
			path = "Onboarding Screen";
			sourceTree = "<group>";
		};
		1071553229CF61950052D657 /* Preview Content */ = {
			isa = PBXGroup;
			children = (
				1071553329CF61950052D657 /* Preview Assets.xcassets */,
			);
			path = "Preview Content";
			sourceTree = "<group>";
		};
		1071553E29CF630A0052D657 /* Sounds */ = {
			isa = PBXGroup;
			children = (
				1071553A29CF62AE0052D657 /* chimeup.mp3 */,
				1071553B29CF62AE0052D657 /* success.m4a */,
			);
			path = Sounds;
			sourceTree = "<group>";
		};
		1071553F29CF64EF0052D657 /* Screens */ = {
			isa = PBXGroup;
			children = (
				1071552E29CF61940052D657 /* ContentView.swift */,
				1071554429CF6C5A0052D657 /* OnboardingView.swift */,
				1071554629CF6C6F0052D657 /* HomeView.swift */,
			);
			path = Screens;
			sourceTree = "<group>";
		};
		1071554029CF64FC0052D657 /* Views */ = {
			isa = PBXGroup;
			children = (
				1071554929D085120052D657 /* CircleGroupView.swift */,
			);
			path = Views;
			sourceTree = "<group>";
		};
		1071554129CF651C0052D657 /* Utilities */ = {
			isa = PBXGroup;
			children = (
				10C8039129D885220033B395 /* AudioPlayer.swift */,
			);
			path = Utilities;
			sourceTree = "<group>";
		};
/* End PBXGroup section */

/* Begin PBXNativeTarget section */
		1071552829CF61940052D657 /* Onboarding Screen */ = {
			isa = PBXNativeTarget;
			buildConfigurationList = 1071553729CF61950052D657 /* Build configuration list for PBXNativeTarget "Onboarding Screen" */;
			buildPhases = (
				1071552529CF61940052D657 /* Sources */,
				1071552629CF61940052D657 /* Frameworks */,
				1071552729CF61940052D657 /* Resources */,
			);
			buildRules = (
			);
			dependencies = (
			);
			name = "Onboarding Screen";
			productName = "Onboarding Screen";
			productReference = 1071552929CF61940052D657 /* Onboarding Screen.app */;
			productType = "com.apple.product-type.application";
		};
/* End PBXNativeTarget section */

/* Begin PBXProject section */
		1071552129CF61940052D657 /* Project object */ = {
			isa = PBXProject;
			attributes = {
				BuildIndependentTargetsInParallel = 1;
				LastSwiftUpdateCheck = 1420;
				LastUpgradeCheck = 1420;
				TargetAttributes = {
					1071552829CF61940052D657 = {
						CreatedOnToolsVersion = 14.2;
					};
				};
			};
			buildConfigurationList = 1071552429CF61940052D657 /* Build configuration list for PBXProject "Onboarding Screen" */;
			compatibilityVersion = "Xcode 14.0";
			developmentRegion = en;
			hasScannedForEncodings = 0;
			knownRegions = (
				en,
				Base,
			);
			mainGroup = 1071552029CF61940052D657;
			productRefGroup = 1071552A29CF61940052D657 /* Products */;
			projectDirPath = "";
			projectRoot = "";
			targets = (
				1071552829CF61940052D657 /* Onboarding Screen */,
			);
		};
/* End PBXProject section */

/* Begin PBXResourcesBuildPhase section */
		1071552729CF61940052D657 /* Resources */ = {
			isa = PBXResourcesBuildPhase;
			buildActionMask = 2147483647;
			files = (
				1071553D29CF62AE0052D657 /* success.m4a in Resources */,
				1071553C29CF62AE0052D657 /* chimeup.mp3 in Resources */,
				1071553429CF61950052D657 /* Preview Assets.xcassets in Resources */,
				1071553129CF61950052D657 /* Assets.xcassets in Resources */,
			);
			runOnlyForDeploymentPostprocessing = 0;
		};
/* End PBXResourcesBuildPhase section */

/* Begin PBXSourcesBuildPhase section */
		1071552529CF61940052D657 /* Sources */ = {
			isa = PBXSourcesBuildPhase;
			buildActionMask = 2147483647;
			files = (
				1071554A29D085120052D657 /* CircleGroupView.swift in Sources */,
				1071554529CF6C5A0052D657 /* OnboardingView.swift in Sources */,
				1071554729CF6C6F0052D657 /* HomeView.swift in Sources */,
				1071552F29CF61940052D657 /* ContentView.swift in Sources */,
				1071552D29CF61940052D657 /* Onboarding_ScreenApp.swift in Sources */,
				10C8039229D885220033B395 /* AudioPlayer.swift in Sources */,
			);
			runOnlyForDeploymentPostprocessing = 0;
		};
/* End PBXSourcesBuildPhase section */

/* Begin XCBuildConfiguration section */
		1071553529CF61950052D657 /* Debug */ = {
			isa = XCBuildConfiguration;
			buildSettings = {
				ALWAYS_SEARCH_USER_PATHS = NO;
				CLANG_ANALYZER_NONNULL = YES;
				CLANG_ANALYZER_NUMBER_OBJECT_CONVERSION = YES_AGGRESSIVE;
				CLANG_CXX_LANGUAGE_STANDARD = "gnu++20";
				CLANG_ENABLE_MODULES = YES;
				CLANG_ENABLE_OBJC_ARC = YES;
				CLANG_ENABLE_OBJC_WEAK = YES;
				CLANG_WARN_BLOCK_CAPTURE_AUTORELEASING = YES;
				CLANG_WARN_BOOL_CONVERSION = YES;
				CLANG_WARN_COMMA = YES;
				CLANG_WARN_CONSTANT_CONVERSION = YES;
				CLANG_WARN_DEPRECATED_OBJC_IMPLEMENTATIONS = YES;
				CLANG_WARN_DIRECT_OBJC_ISA_USAGE = YES_ERROR;
				CLANG_WARN_DOCUMENTATION_COMMENTS = YES;
				CLANG_WARN_EMPTY_BODY = YES;
				CLANG_WARN_ENUM_CONVERSION = YES;
				CLANG_WARN_INFINITE_RECURSION = YES;
				CLANG_WARN_INT_CONVERSION = YES;
				CLANG_WARN_NON_LITERAL_NULL_CONVERSION = YES;
				CLANG_WARN_OBJC_IMPLICIT_RETAIN_SELF = YES;
				CLANG_WARN_OBJC_LITERAL_CONVERSION = YES;
				CLANG_WARN_OBJC_ROOT_CLASS = YES_ERROR;
				CLANG_WARN_QUOTED_INCLUDE_IN_FRAMEWORK_HEADER = YES;
				CLANG_WARN_RANGE_LOOP_ANALYSIS = YES;
				CLANG_WARN_STRICT_PROTOTYPES = YES;
				CLANG_WARN_SUSPICIOUS_MOVE = YES;
				CLANG_WARN_UNGUARDED_AVAILABILITY = YES_AGGRESSIVE;
				CLANG_WARN_UNREACHABLE_CODE = YES;
				CLANG_WARN__DUPLICATE_METHOD_MATCH = YES;
				COPY_PHASE_STRIP = NO;
				DEBUG_INFORMATION_FORMAT = dwarf;
				ENABLE_STRICT_OBJC_MSGSEND = YES;
				ENABLE_TESTABILITY = YES;
				GCC_C_LANGUAGE_STANDARD = gnu11;
				GCC_DYNAMIC_NO_PIC = NO;
				GCC_NO_COMMON_BLOCKS = YES;
				GCC_OPTIMIZATION_LEVEL = 0;
				GCC_PREPROCESSOR_DEFINITIONS = (
					"DEBUG=1",
					"$(inherited)",
				);
				GCC_WARN_64_TO_32_BIT_CONVERSION = YES;
				GCC_WARN_ABOUT_RETURN_TYPE = YES_ERROR;
				GCC_WARN_UNDECLARED_SELECTOR = YES;
				GCC_WARN_UNINITIALIZED_AUTOS = YES_AGGRESSIVE;
				GCC_WARN_UNUSED_FUNCTION = YES;
				GCC_WARN_UNUSED_VARIABLE = YES;
				IPHONEOS_DEPLOYMENT_TARGET = 16.2;
				MTL_ENABLE_DEBUG_INFO = INCLUDE_SOURCE;
				MTL_FAST_MATH = YES;
				ONLY_ACTIVE_ARCH = YES;
				SDKROOT = iphoneos;
				SWIFT_ACTIVE_COMPILATION_CONDITIONS = DEBUG;
				SWIFT_OPTIMIZATION_LEVEL = "-Onone";
			};
			name = Debug;
		};
		1071553629CF61950052D657 /* Release */ = {
			isa = XCBuildConfiguration;
			buildSettings = {
				ALWAYS_SEARCH_USER_PATHS = NO;
				CLANG_ANALYZER_NONNULL = YES;
				CLANG_ANALYZER_NUMBER_OBJECT_CONVERSION = YES_AGGRESSIVE;
				CLANG_CXX_LANGUAGE_STANDARD = "gnu++20";
				CLANG_ENABLE_MODULES = YES;
				CLANG_ENABLE_OBJC_ARC = YES;
				CLANG_ENABLE_OBJC_WEAK = YES;
				CLANG_WARN_BLOCK_CAPTURE_AUTORELEASING = YES;
				CLANG_WARN_BOOL_CONVERSION = YES;
				CLANG_WARN_COMMA = YES;
				CLANG_WARN_CONSTANT_CONVERSION = YES;
				CLANG_WARN_DEPRECATED_OBJC_IMPLEMENTATIONS = YES;
				CLANG_WARN_DIRECT_OBJC_ISA_USAGE = YES_ERROR;
				CLANG_WARN_DOCUMENTATION_COMMENTS = YES;
				CLANG_WARN_EMPTY_BODY = YES;
				CLANG_WARN_ENUM_CONVERSION = YES;
				CLANG_WARN_INFINITE_RECURSION = YES;
				CLANG_WARN_INT_CONVERSION = YES;
				CLANG_WARN_NON_LITERAL_NULL_CONVERSION = YES;
				CLANG_WARN_OBJC_IMPLICIT_RETAIN_SELF = YES;
				CLANG_WARN_OBJC_LITERAL_CONVERSION = YES;
				CLANG_WARN_OBJC_ROOT_CLASS = YES_ERROR;
				CLANG_WARN_QUOTED_INCLUDE_IN_FRAMEWORK_HEADER = YES;
				CLANG_WARN_RANGE_LOOP_ANALYSIS = YES;
				CLANG_WARN_STRICT_PROTOTYPES = YES;
				CLANG_WARN_SUSPICIOUS_MOVE = YES;
				CLANG_WARN_UNGUARDED_AVAILABILITY = YES_AGGRESSIVE;
				CLANG_WARN_UNREACHABLE_CODE = YES;
				CLANG_WARN__DUPLICATE_METHOD_MATCH = YES;
				COPY_PHASE_STRIP = NO;
				DEBUG_INFORMATION_FORMAT = "dwarf-with-dsym";
				ENABLE_NS_ASSERTIONS = NO;
				ENABLE_STRICT_OBJC_MSGSEND = YES;
				GCC_C_LANGUAGE_STANDARD = gnu11;
				GCC_NO_COMMON_BLOCKS = YES;
				GCC_WARN_64_TO_32_BIT_CONVERSION = YES;
				GCC_WARN_ABOUT_RETURN_TYPE = YES_ERROR;
				GCC_WARN_UNDECLARED_SELECTOR = YES;
				GCC_WARN_UNINITIALIZED_AUTOS = YES_AGGRESSIVE;
				GCC_WARN_UNUSED_FUNCTION = YES;
				GCC_WARN_UNUSED_VARIABLE = YES;
				IPHONEOS_DEPLOYMENT_TARGET = 16.2;
				MTL_ENABLE_DEBUG_INFO = NO;
				MTL_FAST_MATH = YES;
				SDKROOT = iphoneos;
				SWIFT_COMPILATION_MODE = wholemodule;
				SWIFT_OPTIMIZATION_LEVEL = "-O";
				VALIDATE_PRODUCT = YES;
			};
			name = Release;
		};
		1071553829CF61950052D657 /* Debug */ = {
			isa = XCBuildConfiguration;
			buildSettings = {
				ASSETCATALOG_COMPILER_APPICON_NAME = AppIcon;
				ASSETCATALOG_COMPILER_GLOBAL_ACCENT_COLOR_NAME = AccentColor;
				CODE_SIGN_STYLE = Automatic;
				CURRENT_PROJECT_VERSION = 1;
				DEVELOPMENT_ASSET_PATHS = "\"Onboarding Screen/Preview Content\"";
				ENABLE_PREVIEWS = YES;
				GENERATE_INFOPLIST_FILE = YES;
				INFOPLIST_FILE = "Onboarding-Screen-Info.plist";
				INFOPLIST_KEY_UIApplicationSceneManifest_Generation = YES;
				INFOPLIST_KEY_UIApplicationSupportsIndirectInputEvents = YES;
				INFOPLIST_KEY_UISupportedInterfaceOrientations = UIInterfaceOrientationPortrait;
				LD_RUNPATH_SEARCH_PATHS = (
					"$(inherited)",
					"@executable_path/Frameworks",
				);
				MARKETING_VERSION = 1.0;
				PRODUCT_BUNDLE_IDENTIFIER = "com.mdabirhossain.Onboarding-Screen";
				PRODUCT_NAME = "$(TARGET_NAME)";
				SWIFT_EMIT_LOC_STRINGS = YES;
				SWIFT_VERSION = 5.0;
				TARGETED_DEVICE_FAMILY = "1,2";
			};
			name = Debug;
		};
		1071553929CF61950052D657 /* Release */ = {
			isa = XCBuildConfiguration;
			buildSettings = {
				ASSETCATALOG_COMPILER_APPICON_NAME = AppIcon;
				ASSETCATALOG_COMPILER_GLOBAL_ACCENT_COLOR_NAME = AccentColor;
				CODE_SIGN_STYLE = Automatic;
				CURRENT_PROJECT_VERSION = 1;
				DEVELOPMENT_ASSET_PATHS = "\"Onboarding Screen/Preview Content\"";
				ENABLE_PREVIEWS = YES;
				GENERATE_INFOPLIST_FILE = YES;
				INFOPLIST_FILE = "Onboarding-Screen-Info.plist";
				INFOPLIST_KEY_UIApplicationSceneManifest_Generation = YES;
				INFOPLIST_KEY_UIApplicationSupportsIndirectInputEvents = YES;
				INFOPLIST_KEY_UISupportedInterfaceOrientations = UIInterfaceOrientationPortrait;
				LD_RUNPATH_SEARCH_PATHS = (
					"$(inherited)",
					"@executable_path/Frameworks",
				);
				MARKETING_VERSION = 1.0;
				PRODUCT_BUNDLE_IDENTIFIER = "com.mdabirhossain.Onboarding-Screen";
				PRODUCT_NAME = "$(TARGET_NAME)";
				SWIFT_EMIT_LOC_STRINGS = YES;
				SWIFT_VERSION = 5.0;
				TARGETED_DEVICE_FAMILY = "1,2";
			};
			name = Release;
		};
/* End XCBuildConfiguration section */

/* Begin XCConfigurationList section */
		1071552429CF61940052D657 /* Build configuration list for PBXProject "Onboarding Screen" */ = {
			isa = XCConfigurationList;
			buildConfigurations = (
				1071553529CF61950052D657 /* Debug */,
				1071553629CF61950052D657 /* Release */,
			);
			defaultConfigurationIsVisible = 0;
			defaultConfigurationName = Release;
		};
		1071553729CF61950052D657 /* Build configuration list for PBXNativeTarget "Onboarding Screen" */ = {
			isa = XCConfigurationList;
			buildConfigurations = (
				1071553829CF61950052D657 /* Debug */,
				1071553929CF61950052D657 /* Release */,
			);
			defaultConfigurationIsVisible = 0;
			defaultConfigurationName = Release;
		};
/* End XCConfigurationList section */
	};
	rootObject = 1071552129CF61940052D657 /* Project object */;
}
